<?xml version="1.0" encoding="utf-8"?>
<Project ToolsVersion="4.0" xmlns="http://schemas.microsoft.com/developer/msbuild/2003">
  <ItemGroup>
    <ClCompile Include="..\..\src\main.cpp">
      <Filter>Source Root</Filter>
    </ClCompile>
    <ClCompile Include="..\..\src\stdafx.cpp">
      <Filter>Source Root</Filter>
    </ClCompile>
    <ClCompile Include="..\..\src\maya\renderCommand.cpp">
      <Filter>Source Root\maya</Filter>
    </ClCompile>
    <ClCompile Include="..\..\src\core\engine.cpp">
      <Filter>Source Root\core</Filter>
    </ClCompile>
    <ClCompile Include="..\..\src\core\scene.cpp">
      <Filter>Source Root\core</Filter>
    </ClCompile>
    <ClCompile Include="..\..\src\render\debugPattern.cpp">
      <Filter>Source Root\render</Filter>
    </ClCompile>
    <ClCompile Include="..\..\src\render\raycaster.cpp">
      <Filter>Source Root\render</Filter>
    </ClCompile>
    <ClCompile Include="..\..\src\core\renderer.cpp">
      <Filter>Source Root\core</Filter>
    </ClCompile>
    <ClCompile Include="..\..\src\data\geometry.cpp">
      <Filter>Source Root\data</Filter>
    </ClCompile>
    <ClCompile Include="..\..\src\data\texture.cpp">
      <Filter>Source Root\data</Filter>
    </ClCompile>
    <ClCompile Include="..\..\src\core\memory.cpp">
      <Filter>Source Root\core</Filter>
    </ClCompile>
    <ClCompile Include="..\..\src\render\monteCarloRaytracer.cpp">
      <Filter>Source Root\render</Filter>
    </ClCompile>
  </ItemGroup>
  <ItemGroup>
    <Filter Include="Source Root">
      <UniqueIdentifier>{617d53cd-6a08-4a29-9ee5-02f9f3234bd1}</UniqueIdentifier>
    </Filter>
    <Filter Include="Source Root\maya">
      <UniqueIdentifier>{df844c3b-c79b-4921-a56b-6c0bcab8fc7d}</UniqueIdentifier>
    </Filter>
    <Filter Include="Source Root\core">
      <UniqueIdentifier>{6fd39278-d461-4770-9200-8506a5d27d1d}</UniqueIdentifier>
    </Filter>
    <Filter Include="Source Root\util">
      <UniqueIdentifier>{427fd2d8-8394-4299-af41-6aa82f0b0d8a}</UniqueIdentifier>
    </Filter>
    <Filter Include="Source Root\render">
      <UniqueIdentifier>{928ab9c5-ac65-4336-b3db-46c7b7d1f5ec}</UniqueIdentifier>
    </Filter>
    <Filter Include="Source Root\kernels">
      <UniqueIdentifier>{8f485e60-bb2a-4617-bdeb-48a1c6e6401d}</UniqueIdentifier>
    </Filter>
    <Filter Include="Source Root\data">
      <UniqueIdentifier>{59be03b5-da40-4396-a014-071ccb82a016}</UniqueIdentifier>
    </Filter>
    <Filter Include="Source Root\kernels\lib">
      <UniqueIdentifier>{186c2391-6172-453b-a805-3e52b094c09b}</UniqueIdentifier>
    </Filter>
  </ItemGroup>
  <ItemGroup>
    <ClInclude Include="..\..\src\stdafx.h">
      <Filter>Source Root</Filter>
    </ClInclude>
    <ClInclude Include="..\..\src\config.h">
      <Filter>Source Root</Filter>
    </ClInclude>
    <ClInclude Include="..\..\src\maya\renderCommand.h">
      <Filter>Source Root\maya</Filter>
    </ClInclude>
    <ClInclude Include="..\..\src\core\engine.h">
      <Filter>Source Root\core</Filter>
    </ClInclude>
    <ClInclude Include="..\..\src\core\scene.h">
      <Filter>Source Root\core</Filter>
    </ClInclude>
    <ClInclude Include="..\..\src\util\camera.h">
      <Filter>Source Root\util</Filter>
    </ClInclude>
    <ClInclude Include="..\..\src\util\ray.h">
      <Filter>Source Root\util</Filter>
    </ClInclude>
    <ClInclude Include="..\..\src\util\math.h">
      <Filter>Source Root\util</Filter>
    </ClInclude>
    <ClInclude Include="..\..\src\render\debugPattern.h">
      <Filter>Source Root\render</Filter>
    </ClInclude>
    <ClInclude Include="..\..\src\render\raycaster.h">
      <Filter>Source Root\render</Filter>
    </ClInclude>
    <ClInclude Include="..\..\src\kernels\kernels.h">
      <Filter>Source Root\kernels</Filter>
    </ClInclude>
    <ClInclude Include="..\..\src\util\transform.h">
      <Filter>Source Root\util</Filter>
    </ClInclude>
    <ClInclude Include="..\..\src\util\primitive.h">
      <Filter>Source Root\util</Filter>
    </ClInclude>
    <ClInclude Include="..\..\src\core\renderer.h">
      <Filter>Source Root\core</Filter>
    </ClInclude>
    <ClInclude Include="..\..\src\data\geometry.h">
      <Filter>Source Root\data</Filter>
    </ClInclude>
    <ClInclude Include="..\..\src\data\texture.h">
      <Filter>Source Root\data</Filter>
    </ClInclude>
    <ClInclude Include="..\..\src\util\shader.h">
      <Filter>Source Root\util</Filter>
    </ClInclude>
    <ClInclude Include="..\..\src\util\light.h">
      <Filter>Source Root\util</Filter>
    </ClInclude>
    <ClInclude Include="..\..\src\util\bsdf.h">
      <Filter>Source Root\util</Filter>
    </ClInclude>
    <ClInclude Include="..\..\src\core\memory.h">
      <Filter>Source Root\core</Filter>
    </ClInclude>
    <ClInclude Include="..\..\src\util\array.h">
      <Filter>Source Root\util</Filter>
    </ClInclude>
    <ClInclude Include="..\..\src\render\monteCarloRaytracer.h">
      <Filter>Source Root\render</Filter>
    </ClInclude>
    <ClInclude Include="..\..\src\kernels\lib\common.cuh">
      <Filter>Source Root\kernels\lib</Filter>
    </ClInclude>
    <ClInclude Include="..\..\src\kernels\lib\bsdf.cuh">
      <Filter>Source Root\kernels\lib</Filter>
    </ClInclude>
    <ClInclude Include="..\..\src\kernels\lib\light.cuh">
      <Filter>Source Root\kernels\lib</Filter>
    </ClInclude>
    <ClInclude Include="..\..\src\kernels\lib\intersect.cuh">
      <Filter>Source Root\kernels\lib</Filter>
    </ClInclude>
    <ClInclude Include="..\..\src\kernels\lib\primitive.cuh">
      <Filter>Source Root\kernels\lib</Filter>
    </ClInclude>
    <ClInclude Include="..\..\src\kernels\lib\ray.cuh">
      <Filter>Source Root\kernels\lib</Filter>
    </ClInclude>
    <ClInclude Include="..\..\src\kernels\lib\sampling.cuh">
      <Filter>Source Root\kernels\lib</Filter>
    </ClInclude>
    <ClInclude Include="..\..\src\kernels\lib\shader.cuh">
      <Filter>Source Root\kernels\lib</Filter>
    </ClInclude>
    <ClInclude Include="..\..\src\kernels\lib\stack.cuh">
      <Filter>Source Root\kernels\lib</Filter>
    </ClInclude>
    <ClInclude Include="..\..\src\kernels\lib\transform.cuh">
      <Filter>Source Root\kernels\lib</Filter>
    </ClInclude>
  </ItemGroup>
  <ItemGroup>
    <None Include="..\..\src\maya\aurora.mel">
      <Filter>Source Root\maya</Filter>
    </None>
  </ItemGroup>
  <ItemGroup>
    <CudaCompile Include="..\..\src\kernels\raycaster.cu">
      <Filter>Source Root\kernels</Filter>
    </CudaCompile>
    <CudaCompile Include="..\..\src\kernels\rebuilder.cu">
      <Filter>Source Root\kernels</Filter>
    </CudaCompile>
    <CudaCompile Include="..\..\src\kernels\monteCarloRaytracer.cu">
      <Filter>Source Root\kernels</Filter>
    </CudaCompile>
    <CudaCompile Include="..\..\src\kernels\utility.cu">
      <Filter>Source Root\kernels</Filter>
    </CudaCompile>
  </ItemGroup>
</Project>